{
  "name": "tab",
  "lockfileVersion": 3,
  "requires": true,
  "packages": {
    "": {
      "devDependencies": {
        "@types/paypal__checkout-server-sdk": "^1.0.8"
      }
    },
    "node_modules/@types/node": {
      "version": "24.9.2",
      "resolved": "https://registry.npmjs.org/@types/node/-/node-24.9.2.tgz",
      "integrity": "sha512-uWN8YqxXxqFMX2RqGOrumsKeti4LlmIMIyV0lgut4jx7KQBcBiW6vkDtIBvHnHIquwNfJhk8v2OtmO8zXWHfPA==",
      "dev": true,
      "license": "MIT",
      "dependencies": {
        "undici-types": "~7.16.0"
      }
    },
    "node_modules/@types/paypal__checkout-server-sdk": {
      "version": "1.0.8",
      "resolved": "https://registry.npmjs.org/@types/paypal__checkout-server-sdk/-/paypal__checkout-server-sdk-1.0.8.tgz",
      "integrity": "sha512-PNmNBlcany7Dh42Qb5mkl+KqYfR39aVcalLm3FXHCozKtDyfLE1JAig7C2mANPdC3fmQhdvcs0n3ym6K10CLnw==",
      "dev": true,
      "license": "MIT",
      "dependencies": {
        "@types/paypal__paypalhttp": "*"
      }
    },
    "node_modules/@types/paypal__paypalhttp": {
      "version": "1.0.3",
      "resolved": "https://registry.npmjs.org/@types/paypal__paypalhttp/-/paypal__paypalhttp-1.0.3.tgz",
      "integrity": "sha512-Zen2JyaCOPRkPFxXetopbYWsSpi3VlWWYBZKNEXruxp6vzh7f/an/IaeZ23tmd11rg56zYtmXS2e1PfllVRZtQ==",
      "dev": true,
      "license": "MIT",
      "dependencies": {
        "@types/node": "*"
      }
    },
    "node_modules/undici-types": {
      "version": "7.16.0",
      "resolved": "https://registry.npmjs.org/undici-types/-/undici-types-7.16.0.tgz",
      "integrity": "sha512-Zz+aZWSj8LE6zoxD+xrjh4VfkIG8Ya6LvYkZqtUQGJPZjYl53ypCaUwWqo7eI0x66KBGeRo+mlBEkMSeSZ38Nw==",
      "dev": true,
      "license": "MIT"
    }
  }
}
